{
  "name": "nodejs",
  "version": "1.0.0",
  "lockfileVersion": 2,
  "requires": true,
  "packages": {
    "": {
      "name": "nodejs",
      "version": "1.0.0",
      "license": "ISC",
      "dependencies": {
        "@types/node": "^18.0.6",
        "enmity": "^1.2.4"
      }
    },
    "node_modules/@types/node": {
      "version": "18.0.6",
      "resolved": "https://registry.npmjs.org/@types/node/-/node-18.0.6.tgz",
      "integrity": "sha512-/xUq6H2aQm261exT6iZTMifUySEt4GR5KX8eYyY+C4MSNPqSh9oNIP7tz2GLKTlFaiBbgZNxffoR3CVRG+cljw=="
    },
    "node_modules/enmity": {
      "version": "1.2.4",
      "resolved": "https://registry.npmjs.org/enmity/-/enmity-1.2.4.tgz",
      "integrity": "sha512-21/peNNildUiEsYqhI9If3RnskzPUhqp2BFLazfeO2+qN1nCsbl/SK5MGh6TQfWswgv9fM1p/yVh+BK2jpBGiw=="
    }
  },
  "dependencies": {
    "@types/node": {
      "version": "18.0.6",
      "resolved": "https://registry.npmjs.org/@types/node/-/node-18.0.6.tgz",
      "integrity": "sha512-/xUq6H2aQm261exT6iZTMifUySEt4GR5KX8eYyY+C4MSNPqSh9oNIP7tz2GLKTlFaiBbgZNxffoR3CVRG+cljw=="
    },
    "enmity": {
      "version": "1.2.4",
      "resolved": "https://registry.npmjs.org/enmity/-/enmity-1.2.4.tgz",
      "integrity": "sha512-21/peNNildUiEsYqhI9If3RnskzPUhqp2BFLazfeO2+qN1nCsbl/SK5MGh6TQfWswgv9fM1p/yVh+BK2jpBGiw=="
    }
  }
}
